
Microsoft Visual Studio Solution File, Format Version 12.00
# Visual Studio Version 16
VisualStudioVersion = 16.0.30907.101
MinimumVisualStudioVersion = 10.0.40219.1
Project("{FAE04EC0-301F-11D3-BF4B-00C04F79EFBC}") = "Cw4", "Cw4\Cw4.csproj", "{A3477969-E1D1-4677-9E14-552366C28CF9}"
EndProject
Global
	GlobalSection(SolutionConfigurationPlatforms) = preSolution
		Debug|Any CPU = Debug|Any CPU
		Release|Any CPU = Release|Any CPU
	EndGlobalSection
	GlobalSection(ProjectConfigurationPlatforms) = postSolution
		{A3477969-E1D1-4677-9E14-552366C28CF9}.Debug|Any CPU.ActiveCfg = Debug|Any CPU
		{A3477969-E1D1-4677-9E14-552366C28CF9}.Debug|Any CPU.Build.0 = Debug|Any CPU
		{A3477969-E1D1-4677-9E14-552366C28CF9}.Release|Any CPU.ActiveCfg = Release|Any CPU
		{A3477969-E1D1-4677-9E14-552366C28CF9}.Release|Any CPU.Build.0 = Release|Any CPU
	EndGlobalSection
	GlobalSection(SolutionProperties) = preSolution
		HideSolutionNode = FALSE
	EndGlobalSection
	GlobalSection(ExtensibilityGlobals) = postSolution
		SolutionGuid = {77E0C67C-3D43-4ABF-B29B-0DC43B83E908}
	EndGlobalSection
EndGlobal
